
Microsoft Visual Studio Solution File, Format Version 12.00
# Visual Studio Version 17
VisualStudioVersion = 17.7.34031.279
MinimumVisualStudioVersion = 10.0.40219.1
Project("{FAE04EC0-301F-11D3-BF4B-00C04F79EFBC}") = "labThreeTy", "labThreeTy\labThreeTy.csproj", "{3DFDE7DD-73A2-4700-BD33-6372979CA3C3}"
EndProject
Global
	GlobalSection(SolutionConfigurationPlatforms) = preSolution
		Debug|Any CPU = Debug|Any CPU
		Release|Any CPU = Release|Any CPU
	EndGlobalSection
	GlobalSection(ProjectConfigurationPlatforms) = postSolution
		{3DFDE7DD-73A2-4700-BD33-6372979CA3C3}.Debug|Any CPU.ActiveCfg = Debug|Any CPU
		{3DFDE7DD-73A2-4700-BD33-6372979CA3C3}.Debug|Any CPU.Build.0 = Debug|Any CPU
		{3DFDE7DD-73A2-4700-BD33-6372979CA3C3}.Release|Any CPU.ActiveCfg = Release|Any CPU
		{3DFDE7DD-73A2-4700-BD33-6372979CA3C3}.Release|Any CPU.Build.0 = Release|Any CPU
	EndGlobalSection
	GlobalSection(SolutionProperties) = preSolution
		HideSolutionNode = FALSE
	EndGlobalSection
	GlobalSection(ExtensibilityGlobals) = postSolution
		SolutionGuid = {C824C8C2-3BE4-44F1-B21C-C981CDCD26F1}
	EndGlobalSection
EndGlobal
