
Microsoft Visual Studio Solution File, Format Version 12.00
# Visual Studio Version 17
VisualStudioVersion = 17.4.33213.308
MinimumVisualStudioVersion = 10.0.40219.1
Project("{FAE04EC0-301F-11D3-BF4B-00C04F79EFBC}") = "LAB12", "LAB12\LAB12.csproj", "{CE1C11F3-97FF-41B7-A997-3B65CE07374A}"
EndProject
Global
	GlobalSection(SolutionConfigurationPlatforms) = preSolution
		Debug|Any CPU = Debug|Any CPU
		Release|Any CPU = Release|Any CPU
	EndGlobalSection
	GlobalSection(ProjectConfigurationPlatforms) = postSolution
		{CE1C11F3-97FF-41B7-A997-3B65CE07374A}.Debug|Any CPU.ActiveCfg = Debug|Any CPU
		{CE1C11F3-97FF-41B7-A997-3B65CE07374A}.Debug|Any CPU.Build.0 = Debug|Any CPU
		{CE1C11F3-97FF-41B7-A997-3B65CE07374A}.Release|Any CPU.ActiveCfg = Release|Any CPU
		{CE1C11F3-97FF-41B7-A997-3B65CE07374A}.Release|Any CPU.Build.0 = Release|Any CPU
	EndGlobalSection
	GlobalSection(SolutionProperties) = preSolution
		HideSolutionNode = FALSE
	EndGlobalSection
	GlobalSection(ExtensibilityGlobals) = postSolution
		SolutionGuid = {721381E7-779E-4D7B-98E5-3CE04D1B10D3}
	EndGlobalSection
EndGlobal
