
Microsoft Visual Studio Solution File, Format Version 12.00
# Visual Studio Version 17
VisualStudioVersion = 17.4.33213.308
MinimumVisualStudioVersion = 10.0.40219.1
Project("{FAE04EC0-301F-11D3-BF4B-00C04F79EFBC}") = "LAB13", "LAB13\LAB13.csproj", "{9C26E533-11C7-44D7-86B2-6304F63A54AD}"
EndProject
Global
	GlobalSection(SolutionConfigurationPlatforms) = preSolution
		Debug|Any CPU = Debug|Any CPU
		Release|Any CPU = Release|Any CPU
	EndGlobalSection
	GlobalSection(ProjectConfigurationPlatforms) = postSolution
		{9C26E533-11C7-44D7-86B2-6304F63A54AD}.Debug|Any CPU.ActiveCfg = Debug|Any CPU
		{9C26E533-11C7-44D7-86B2-6304F63A54AD}.Debug|Any CPU.Build.0 = Debug|Any CPU
		{9C26E533-11C7-44D7-86B2-6304F63A54AD}.Release|Any CPU.ActiveCfg = Release|Any CPU
		{9C26E533-11C7-44D7-86B2-6304F63A54AD}.Release|Any CPU.Build.0 = Release|Any CPU
	EndGlobalSection
	GlobalSection(SolutionProperties) = preSolution
		HideSolutionNode = FALSE
	EndGlobalSection
	GlobalSection(ExtensibilityGlobals) = postSolution
		SolutionGuid = {15AD9229-40DF-4A4F-B0F3-B51F1BFECC41}
	EndGlobalSection
EndGlobal
